
Microsoft Visual Studio Solution File, Format Version 12.00
# Visual Studio 15
VisualStudioVersion = 15.0.27703.2042
MinimumVisualStudioVersion = 10.0.40219.1
Project("{FAE04EC0-301F-11D3-BF4B-00C04F79EFBC}") = "LibraryManager", "LibraryManager\LibraryManager.csproj", "{DAE6BC37-ABA8-4A51-98CC-913A95D24271}"
EndProject
Global
	GlobalSection(SolutionConfigurationPlatforms) = preSolution
		Debug|Any CPU = Debug|Any CPU
		Release|Any CPU = Release|Any CPU
	EndGlobalSection
	GlobalSection(ProjectConfigurationPlatforms) = postSolution
		{DAE6BC37-ABA8-4A51-98CC-913A95D24271}.Debug|Any CPU.ActiveCfg = Debug|Any CPU
		{DAE6BC37-ABA8-4A51-98CC-913A95D24271}.Debug|Any CPU.Build.0 = Debug|Any CPU
		{DAE6BC37-ABA8-4A51-98CC-913A95D24271}.Release|Any CPU.ActiveCfg = Release|Any CPU
		{DAE6BC37-ABA8-4A51-98CC-913A95D24271}.Release|Any CPU.Build.0 = Release|Any CPU
	EndGlobalSection
	GlobalSection(SolutionProperties) = preSolution
		HideSolutionNode = FALSE
	EndGlobalSection
	GlobalSection(ExtensibilityGlobals) = postSolution
		SolutionGuid = {795AAD6B-6604-4A40-BBE3-51D424667451}
	EndGlobalSection
EndGlobal
